// !$*UTF8*$!
{
	archiveVersion = 1;
	classes = {
	};
	objectVersion = 46;
	objects = {

/* Begin PBXBuildFile section */
		AA79C9BF1E31292B00A5044D /* main.m in Sources */ = {isa = PBXBuildFile; fileRef = AA79C9BE1E31292A00A5044D /* main.m */; };
		AA79C9C21E31292B00A5044D /* AppDelegate.m in Sources */ = {isa = PBXBuildFile; fileRef = AA79C9C11E31292B00A5044D /* AppDelegate.m */; };
		AA79C9C81E31292B00A5044D /* Main.storyboard in Resources */ = {isa = PBXBuildFile; fileRef = AA79C9C61E31292B00A5044D /* Main.storyboard */; };
		AA79C9CA1E31292B00A5044D /* Assets.xcassets in Resources */ = {isa = PBXBuildFile; fileRef = AA79C9C91E31292B00A5044D /* Assets.xcassets */; };
		AA79C9CD1E31292B00A5044D /* LaunchScreen.storyboard in Resources */ = {isa = PBXBuildFile; fileRef = AA79C9CB1E31292B00A5044D /* LaunchScreen.storyboard */; };
		AA79C9E41E31296500A5044D /* TextFieldViewController.m in Sources */ = {isa = PBXBuildFile; fileRef = AA79C9E31E31296500A5044D /* TextFieldViewController.m */; };
		AA79C9E71E3140AF00A5044D /* TextViewViewController.m in Sources */ = {isa = PBXBuildFile; fileRef = AA79C9E61E3140AF00A5044D /* TextViewViewController.m */; };
		AA79C9EA1E314A5C00A5044D /* WebManagerViewController.m in Sources */ = {isa = PBXBuildFile; fileRef = AA79C9E91E314A5C00A5044D /* WebManagerViewController.m */; };
		AA79C9ED1E314B6F00A5044D /* SafariServices.framework in Frameworks */ = {isa = PBXBuildFile; fileRef = AA79C9EC1E314B6F00A5044D /* SafariServices.framework */; };
		AA79C9F01E31846B00A5044D /* WebViewController.m in Sources */ = {isa = PBXBuildFile; fileRef = AA79C9EF1E31846B00A5044D /* WebViewController.m */; };
		AA79C9F31E3188C900A5044D /* WKWebViewController.m in Sources */ = {isa = PBXBuildFile; fileRef = AA79C9F21E3188C900A5044D /* WKWebViewController.m */; };
		AA79C9F51E31892200A5044D /* WebKit.framework in Frameworks */ = {isa = PBXBuildFile; fileRef = AA79C9F41E31892200A5044D /* WebKit.framework */; };
		AA79C9F81E318FC300A5044D /* CoreGraphicsViewController.m in Sources */ = {isa = PBXBuildFile; fileRef = AA79C9F71E318FC300A5044D /* CoreGraphicsViewController.m */; };
		AA79C9FB1E31907300A5044D /* TopView.m in Sources */ = {isa = PBXBuildFile; fileRef = AA79C9FA1E31907300A5044D /* TopView.m */; };
		AA8AC1C01E7B30CF008689CD /* UnderstandingResponderChainVC.m in Sources */ = {isa = PBXBuildFile; fileRef = AA8AC1BF1E7B30CF008689CD /* UnderstandingResponderChainVC.m */; };
		AA8AC1C41E7B3102008689CD /* CustomView.m in Sources */ = {isa = PBXBuildFile; fileRef = AA8AC1C31E7B3102008689CD /* CustomView.m */; };
/* End PBXBuildFile section */

/* Begin PBXFileReference section */
		AA79C9BA1E31292A00A5044D /* W2D5-Demos.app */ = {isa = PBXFileReference; explicitFileType = wrapper.application; includeInIndex = 0; path = "W2D5-Demos.app"; sourceTree = BUILT_PRODUCTS_DIR; };
		AA79C9BE1E31292A00A5044D /* main.m */ = {isa = PBXFileReference; lastKnownFileType = sourcecode.c.objc; path = main.m; sourceTree = "<group>"; };
		AA79C9C01E31292B00A5044D /* AppDelegate.h */ = {isa = PBXFileReference; lastKnownFileType = sourcecode.c.h; path = AppDelegate.h; sourceTree = "<group>"; };
		AA79C9C11E31292B00A5044D /* AppDelegate.m */ = {isa = PBXFileReference; lastKnownFileType = sourcecode.c.objc; path = AppDelegate.m; sourceTree = "<group>"; };
		AA79C9C71E31292B00A5044D /* Base */ = {isa = PBXFileReference; lastKnownFileType = file.storyboard; name = Base; path = Base.lproj/Main.storyboard; sourceTree = "<group>"; };
		AA79C9C91E31292B00A5044D /* Assets.xcassets */ = {isa = PBXFileReference; lastKnownFileType = folder.assetcatalog; path = Assets.xcassets; sourceTree = "<group>"; };
		AA79C9CC1E31292B00A5044D /* Base */ = {isa = PBXFileReference; lastKnownFileType = file.storyboard; name = Base; path = Base.lproj/LaunchScreen.storyboard; sourceTree = "<group>"; };
		AA79C9CE1E31292B00A5044D /* Info.plist */ = {isa = PBXFileReference; lastKnownFileType = text.plist.xml; path = Info.plist; sourceTree = "<group>"; };
		AA79C9E21E31296500A5044D /* TextFieldViewController.h */ = {isa = PBXFileReference; fileEncoding = 4; lastKnownFileType = sourcecode.c.h; path = TextFieldViewController.h; sourceTree = "<group>"; };
		AA79C9E31E31296500A5044D /* TextFieldViewController.m */ = {isa = PBXFileReference; fileEncoding = 4; lastKnownFileType = sourcecode.c.objc; path = TextFieldViewController.m; sourceTree = "<group>"; };
		AA79C9E51E3140AF00A5044D /* TextViewViewController.h */ = {isa = PBXFileReference; fileEncoding = 4; lastKnownFileType = sourcecode.c.h; path = TextViewViewController.h; sourceTree = "<group>"; };
		AA79C9E61E3140AF00A5044D /* TextViewViewController.m */ = {isa = PBXFileReference; fileEncoding = 4; lastKnownFileType = sourcecode.c.objc; path = TextViewViewController.m; sourceTree = "<group>"; };
		AA79C9E81E314A5C00A5044D /* WebManagerViewController.h */ = {isa = PBXFileReference; fileEncoding = 4; lastKnownFileType = sourcecode.c.h; path = WebManagerViewController.h; sourceTree = "<group>"; };
		AA79C9E91E314A5C00A5044D /* WebManagerViewController.m */ = {isa = PBXFileReference; fileEncoding = 4; lastKnownFileType = sourcecode.c.objc; path = WebManagerViewController.m; sourceTree = "<group>"; };
		AA79C9EC1E314B6F00A5044D /* SafariServices.framework */ = {isa = PBXFileReference; lastKnownFileType = wrapper.framework; name = SafariServices.framework; path = System/Library/Frameworks/SafariServices.framework; sourceTree = SDKROOT; };
		AA79C9EE1E31846B00A5044D /* WebViewController.h */ = {isa = PBXFileReference; fileEncoding = 4; lastKnownFileType = sourcecode.c.h; path = WebViewController.h; sourceTree = "<group>"; };
		AA79C9EF1E31846B00A5044D /* WebViewController.m */ = {isa = PBXFileReference; fileEncoding = 4; lastKnownFileType = sourcecode.c.objc; path = WebViewController.m; sourceTree = "<group>"; };
		AA79C9F11E3188C900A5044D /* WKWebViewController.h */ = {isa = PBXFileReference; fileEncoding = 4; lastKnownFileType = sourcecode.c.h; path = WKWebViewController.h; sourceTree = "<group>"; };
		AA79C9F21E3188C900A5044D /* WKWebViewController.m */ = {isa = PBXFileReference; fileEncoding = 4; lastKnownFileType = sourcecode.c.objc; path = WKWebViewController.m; sourceTree = "<group>"; };
		AA79C9F41E31892200A5044D /* WebKit.framework */ = {isa = PBXFileReference; lastKnownFileType = wrapper.framework; name = WebKit.framework; path = System/Library/Frameworks/WebKit.framework; sourceTree = SDKROOT; };
		AA79C9F61E318FC300A5044D /* CoreGraphicsViewController.h */ = {isa = PBXFileReference; fileEncoding = 4; lastKnownFileType = sourcecode.c.h; path = CoreGraphicsViewController.h; sourceTree = "<group>"; };
		AA79C9F71E318FC300A5044D /* CoreGraphicsViewController.m */ = {isa = PBXFileReference; fileEncoding = 4; lastKnownFileType = sourcecode.c.objc; path = CoreGraphicsViewController.m; sourceTree = "<group>"; };
		AA79C9F91E31907300A5044D /* TopView.h */ = {isa = PBXFileReference; fileEncoding = 4; lastKnownFileType = sourcecode.c.h; path = TopView.h; sourceTree = "<group>"; };
		AA79C9FA1E31907300A5044D /* TopView.m */ = {isa = PBXFileReference; fileEncoding = 4; lastKnownFileType = sourcecode.c.objc; path = TopView.m; sourceTree = "<group>"; };
		AA8AC1BE1E7B30CF008689CD /* UnderstandingResponderChainVC.h */ = {isa = PBXFileReference; fileEncoding = 4; lastKnownFileType = sourcecode.c.h; path = UnderstandingResponderChainVC.h; sourceTree = "<group>"; };
		AA8AC1BF1E7B30CF008689CD /* UnderstandingResponderChainVC.m */ = {isa = PBXFileReference; fileEncoding = 4; lastKnownFileType = sourcecode.c.objc; path = UnderstandingResponderChainVC.m; sourceTree = "<group>"; };
		AA8AC1C21E7B3102008689CD /* CustomView.h */ = {isa = PBXFileReference; fileEncoding = 4; lastKnownFileType = sourcecode.c.h; path = CustomView.h; sourceTree = "<group>"; };
		AA8AC1C31E7B3102008689CD /* CustomView.m */ = {isa = PBXFileReference; fileEncoding = 4; lastKnownFileType = sourcecode.c.objc; path = CustomView.m; sourceTree = "<group>"; };
/* End PBXFileReference section */

/* Begin PBXFrameworksBuildPhase section */
		AA79C9B71E31292A00A5044D /* Frameworks */ = {
			isa = PBXFrameworksBuildPhase;
			buildActionMask = 2147483647;
			files = (
				AA79C9F51E31892200A5044D /* WebKit.framework in Frameworks */,
				AA79C9ED1E314B6F00A5044D /* SafariServices.framework in Frameworks */,
			);
			runOnlyForDeploymentPostprocessing = 0;
		};
/* End PBXFrameworksBuildPhase section */

/* Begin PBXGroup section */
		AA134B72211CC324003E94A3 /* TextField */ = {
			isa = PBXGroup;
			children = (
				AA79C9E21E31296500A5044D /* TextFieldViewController.h */,
				AA79C9E31E31296500A5044D /* TextFieldViewController.m */,
			);
			name = TextField;
			sourceTree = "<group>";
		};
		AA79C9B11E31292A00A5044D = {
			isa = PBXGroup;
			children = (
				AA79C9BC1E31292A00A5044D /* W2D5-Demos */,
				AA79C9BB1E31292A00A5044D /* Products */,
				AA79C9EB1E314B6F00A5044D /* Frameworks */,
			);
			sourceTree = "<group>";
		};
		AA79C9BB1E31292A00A5044D /* Products */ = {
			isa = PBXGroup;
			children = (
				AA79C9BA1E31292A00A5044D /* W2D5-Demos.app */,
			);
			name = Products;
			sourceTree = "<group>";
		};
		AA79C9BC1E31292A00A5044D /* W2D5-Demos */ = {
			isa = PBXGroup;
			children = (
				AA134B72211CC324003E94A3 /* TextField */,
				AA8AC1C11E7B30E5008689CD /* ResponderChain */,
				AA79CA011E3190B000A5044D /* TextView */,
				AA79CA001E3190A000A5044D /* WebViewControllers */,
				AA79C9FF1E31909300A5044D /* CoreGraphics */,
				AA79C9C61E31292B00A5044D /* Main.storyboard */,
				AA79C9BD1E31292A00A5044D /* Supporting Files */,
			);
			path = "W2D5-Demos";
			sourceTree = "<group>";
		};
		AA79C9BD1E31292A00A5044D /* Supporting Files */ = {
			isa = PBXGroup;
			children = (
				AA79C9C91E31292B00A5044D /* Assets.xcassets */,
				AA79C9CB1E31292B00A5044D /* LaunchScreen.storyboard */,
				AA79C9CE1E31292B00A5044D /* Info.plist */,
				AA79C9BE1E31292A00A5044D /* main.m */,
			);
			name = "Supporting Files";
			sourceTree = "<group>";
		};
		AA79C9EB1E314B6F00A5044D /* Frameworks */ = {
			isa = PBXGroup;
			children = (
				AA79C9F41E31892200A5044D /* WebKit.framework */,
				AA79C9EC1E314B6F00A5044D /* SafariServices.framework */,
			);
			name = Frameworks;
			sourceTree = "<group>";
		};
		AA79C9FF1E31909300A5044D /* CoreGraphics */ = {
			isa = PBXGroup;
			children = (
				AA79C9F61E318FC300A5044D /* CoreGraphicsViewController.h */,
				AA79C9F71E318FC300A5044D /* CoreGraphicsViewController.m */,
				AA79C9F91E31907300A5044D /* TopView.h */,
				AA79C9FA1E31907300A5044D /* TopView.m */,
			);
			name = CoreGraphics;
			sourceTree = "<group>";
		};
		AA79CA001E3190A000A5044D /* WebViewControllers */ = {
			isa = PBXGroup;
			children = (
				AA79C9E81E314A5C00A5044D /* WebManagerViewController.h */,
				AA79C9E91E314A5C00A5044D /* WebManagerViewController.m */,
				AA79C9EE1E31846B00A5044D /* WebViewController.h */,
				AA79C9EF1E31846B00A5044D /* WebViewController.m */,
				AA79C9F11E3188C900A5044D /* WKWebViewController.h */,
				AA79C9F21E3188C900A5044D /* WKWebViewController.m */,
			);
			name = WebViewControllers;
			sourceTree = "<group>";
		};
		AA79CA011E3190B000A5044D /* TextView */ = {
			isa = PBXGroup;
			children = (
				AA79C9E51E3140AF00A5044D /* TextViewViewController.h */,
				AA79C9E61E3140AF00A5044D /* TextViewViewController.m */,
			);
			name = TextView;
			sourceTree = "<group>";
		};
		AA8AC1C11E7B30E5008689CD /* ResponderChain */ = {
			isa = PBXGroup;
			children = (
				AA8AC1BE1E7B30CF008689CD /* UnderstandingResponderChainVC.h */,
				AA8AC1BF1E7B30CF008689CD /* UnderstandingResponderChainVC.m */,
				AA8AC1C21E7B3102008689CD /* CustomView.h */,
				AA8AC1C31E7B3102008689CD /* CustomView.m */,
				AA79C9C01E31292B00A5044D /* AppDelegate.h */,
				AA79C9C11E31292B00A5044D /* AppDelegate.m */,
			);
			name = ResponderChain;
			sourceTree = "<group>";
		};
/* End PBXGroup section */

/* Begin PBXNativeTarget section */
		AA79C9B91E31292A00A5044D /* W2D5-Demos */ = {
			isa = PBXNativeTarget;
			buildConfigurationList = AA79C9DC1E31292B00A5044D /* Build configuration list for PBXNativeTarget "W2D5-Demos" */;
			buildPhases = (
				AA79C9B61E31292A00A5044D /* Sources */,
				AA79C9B71E31292A00A5044D /* Frameworks */,
				AA79C9B81E31292A00A5044D /* Resources */,
			);
			buildRules = (
			);
			dependencies = (
			);
			name = "W2D5-Demos";
			productName = "W2D5-Demos";
			productReference = AA79C9BA1E31292A00A5044D /* W2D5-Demos.app */;
			productType = "com.apple.product-type.application";
		};
/* End PBXNativeTarget section */

/* Begin PBXProject section */
		AA79C9B21E31292A00A5044D /* Project object */ = {
			isa = PBXProject;
			attributes = {
				LastUpgradeCheck = 0940;
				ORGANIZATIONNAME = steve;
				TargetAttributes = {
					AA79C9B91E31292A00A5044D = {
						CreatedOnToolsVersion = 8.2.1;
						DevelopmentTeam = 6D3DA9G4XW;
						ProvisioningStyle = Automatic;
					};
				};
			};
			buildConfigurationList = AA79C9B51E31292A00A5044D /* Build configuration list for PBXProject "W2D5-Demos" */;
			compatibilityVersion = "Xcode 3.2";
			developmentRegion = English;
			hasScannedForEncodings = 0;
			knownRegions = (
				en,
				Base,
			);
			mainGroup = AA79C9B11E31292A00A5044D;
			productRefGroup = AA79C9BB1E31292A00A5044D /* Products */;
			projectDirPath = "";
			projectRoot = "";
			targets = (
				AA79C9B91E31292A00A5044D /* W2D5-Demos */,
			);
		};
/* End PBXProject section */

/* Begin PBXResourcesBuildPhase section */
		AA79C9B81E31292A00A5044D /* Resources */ = {
			isa = PBXResourcesBuildPhase;
			buildActionMask = 2147483647;
			files = (
				AA79C9CD1E31292B00A5044D /* LaunchScreen.storyboard in Resources */,
				AA79C9CA1E31292B00A5044D /* Assets.xcassets in Resources */,
				AA79C9C81E31292B00A5044D /* Main.storyboard in Resources */,
			);
			runOnlyForDeploymentPostprocessing = 0;
		};
/* End PBXResourcesBuildPhase section */

/* Begin PBXSourcesBuildPhase section */
		AA79C9B61E31292A00A5044D /* Sources */ = {
			isa = PBXSourcesBuildPhase;
			buildActionMask = 2147483647;
			files = (
				AA79C9F81E318FC300A5044D /* CoreGraphicsViewController.m in Sources */,
				AA79C9E41E31296500A5044D /* TextFieldViewController.m in Sources */,
				AA8AC1C41E7B3102008689CD /* CustomView.m in Sources */,
				AA79C9F01E31846B00A5044D /* WebViewController.m in Sources */,
				AA8AC1C01E7B30CF008689CD /* UnderstandingResponderChainVC.m in Sources */,
				AA79C9EA1E314A5C00A5044D /* WebManagerViewController.m in Sources */,
				AA79C9F31E3188C900A5044D /* WKWebViewController.m in Sources */,
				AA79C9C21E31292B00A5044D /* AppDelegate.m in Sources */,
				AA79C9FB1E31907300A5044D /* TopView.m in Sources */,
				AA79C9E71E3140AF00A5044D /* TextViewViewController.m in Sources */,
				AA79C9BF1E31292B00A5044D /* main.m in Sources */,
			);
			runOnlyForDeploymentPostprocessing = 0;
		};
/* End PBXSourcesBuildPhase section */

/* Begin PBXVariantGroup section */
		AA79C9C61E31292B00A5044D /* Main.storyboard */ = {
			isa = PBXVariantGroup;
			children = (
				AA79C9C71E31292B00A5044D /* Base */,
			);
			name = Main.storyboard;
			sourceTree = "<group>";
		};
		AA79C9CB1E31292B00A5044D /* LaunchScreen.storyboard */ = {
			isa = PBXVariantGroup;
			children = (
				AA79C9CC1E31292B00A5044D /* Base */,
			);
			name = LaunchScreen.storyboard;
			sourceTree = "<group>";
		};
/* End PBXVariantGroup section */

/* Begin XCBuildConfiguration section */
		AA79C9DA1E31292B00A5044D /* Debug */ = {
			isa = XCBuildConfiguration;
			buildSettings = {
				ALWAYS_SEARCH_USER_PATHS = NO;
				CLANG_ANALYZER_NONNULL = YES;
				CLANG_CXX_LANGUAGE_STANDARD = "gnu++0x";
				CLANG_CXX_LIBRARY = "libc++";
				CLANG_ENABLE_MODULES = YES;
				CLANG_ENABLE_OBJC_ARC = YES;
				CLANG_WARN_BLOCK_CAPTURE_AUTORELEASING = YES;
				CLANG_WARN_BOOL_CONVERSION = YES;
				CLANG_WARN_COMMA = YES;
				CLANG_WARN_CONSTANT_CONVERSION = YES;
				CLANG_WARN_DEPRECATED_OBJC_IMPLEMENTATIONS = YES;
				CLANG_WARN_DIRECT_OBJC_ISA_USAGE = YES_ERROR;
				CLANG_WARN_DOCUMENTATION_COMMENTS = YES;
				CLANG_WARN_EMPTY_BODY = YES;
				CLANG_WARN_ENUM_CONVERSION = YES;
				CLANG_WARN_INFINITE_RECURSION = YES;
				CLANG_WARN_INT_CONVERSION = YES;
				CLANG_WARN_NON_LITERAL_NULL_CONVERSION = YES;
				CLANG_WARN_OBJC_IMPLICIT_RETAIN_SELF = YES;
				CLANG_WARN_OBJC_LITERAL_CONVERSION = YES;
				CLANG_WARN_OBJC_ROOT_CLASS = YES_ERROR;
				CLANG_WARN_RANGE_LOOP_ANALYSIS = YES;
				CLANG_WARN_STRICT_PROTOTYPES = YES;
				CLANG_WARN_SUSPICIOUS_MOVE = YES;
				CLANG_WARN_UNREACHABLE_CODE = YES;
				CLANG_WARN__DUPLICATE_METHOD_MATCH = YES;
				"CODE_SIGN_IDENTITY[sdk=iphoneos*]" = "iPhone Developer";
				COPY_PHASE_STRIP = NO;
				DEBUG_INFORMATION_FORMAT = dwarf;
				ENABLE_STRICT_OBJC_MSGSEND = YES;
				ENABLE_TESTABILITY = YES;
				GCC_C_LANGUAGE_STANDARD = gnu99;
				GCC_DYNAMIC_NO_PIC = NO;
				GCC_NO_COMMON_BLOCKS = YES;
				GCC_OPTIMIZATION_LEVEL = 0;
				GCC_PREPROCESSOR_DEFINITIONS = (
					"DEBUG=1",
					"$(inherited)",
				);
				GCC_WARN_64_TO_32_BIT_CONVERSION = YES;
				GCC_WARN_ABOUT_RETURN_TYPE = YES_ERROR;
				GCC_WARN_UNDECLARED_SELECTOR = YES;
				GCC_WARN_UNINITIALIZED_AUTOS = YES_AGGRESSIVE;
				GCC_WARN_UNUSED_FUNCTION = YES;
				GCC_WARN_UNUSED_VARIABLE = YES;
				IPHONEOS_DEPLOYMENT_TARGET = 10.2;
				MTL_ENABLE_DEBUG_INFO = YES;
				ONLY_ACTIVE_ARCH = YES;
				SDKROOT = iphoneos;
				TARGETED_DEVICE_FAMILY = "1,2";
			};
			name = Debug;
		};
		AA79C9DB1E31292B00A5044D /* Release */ = {
			isa = XCBuildConfiguration;
			buildSettings = {
				ALWAYS_SEARCH_USER_PATHS = NO;
				CLANG_ANALYZER_NONNULL = YES;
				CLANG_CXX_LANGUAGE_STANDARD = "gnu++0x";
				CLANG_CXX_LIBRARY = "libc++";
				CLANG_ENABLE_MODULES = YES;
				CLANG_ENABLE_OBJC_ARC = YES;
				CLANG_WARN_BLOCK_CAPTURE_AUTORELEASING = YES;
				CLANG_WARN_BOOL_CONVERSION = YES;
				CLANG_WARN_COMMA = YES;
				CLANG_WARN_CONSTANT_CONVERSION = YES;
				CLANG_WARN_DEPRECATED_OBJC_IMPLEMENTATIONS = YES;
				CLANG_WARN_DIRECT_OBJC_ISA_USAGE = YES_ERROR;
				CLANG_WARN_DOCUMENTATION_COMMENTS = YES;
				CLANG_WARN_EMPTY_BODY = YES;
				CLANG_WARN_ENUM_CONVERSION = YES;
				CLANG_WARN_INFINITE_RECURSION = YES;
				CLANG_WARN_INT_CONVERSION = YES;
				CLANG_WARN_NON_LITERAL_NULL_CONVERSION = YES;
				CLANG_WARN_OBJC_IMPLICIT_RETAIN_SELF = YES;
				CLANG_WARN_OBJC_LITERAL_CONVERSION = YES;
				CLANG_WARN_OBJC_ROOT_CLASS = YES_ERROR;
				CLANG_WARN_RANGE_LOOP_ANALYSIS = YES;
				CLANG_WARN_STRICT_PROTOTYPES = YES;
				CLANG_WARN_SUSPICIOUS_MOVE = YES;
				CLANG_WARN_UNREACHABLE_CODE = YES;
				CLANG_WARN__DUPLICATE_METHOD_MATCH = YES;
				"CODE_SIGN_IDENTITY[sdk=iphoneos*]" = "iPhone Developer";
				COPY_PHASE_STRIP = NO;
				DEBUG_INFORMATION_FORMAT = "dwarf-with-dsym";
				ENABLE_NS_ASSERTIONS = NO;
				ENABLE_STRICT_OBJC_MSGSEND = YES;
				GCC_C_LANGUAGE_STANDARD = gnu99;
				GCC_NO_COMMON_BLOCKS = YES;
				GCC_WARN_64_TO_32_BIT_CONVERSION = YES;
				GCC_WARN_ABOUT_RETURN_TYPE = YES_ERROR;
				GCC_WARN_UNDECLARED_SELECTOR = YES;
				GCC_WARN_UNINITIALIZED_AUTOS = YES_AGGRESSIVE;
				GCC_WARN_UNUSED_FUNCTION = YES;
				GCC_WARN_UNUSED_VARIABLE = YES;
				IPHONEOS_DEPLOYMENT_TARGET = 10.2;
				MTL_ENABLE_DEBUG_INFO = NO;
				SDKROOT = iphoneos;
				TARGETED_DEVICE_FAMILY = "1,2";
				VALIDATE_PRODUCT = YES;
			};
			name = Release;
		};
		AA79C9DD1E31292B00A5044D /* Debug */ = {
			isa = XCBuildConfiguration;
			buildSettings = {
				ASSETCATALOG_COMPILER_APPICON_NAME = AppIcon;
				DEVELOPMENT_TEAM = 6D3DA9G4XW;
				INFOPLIST_FILE = "W2D5-Demos/Info.plist";
				LD_RUNPATH_SEARCH_PATHS = "$(inherited) @executable_path/Frameworks";
				PRODUCT_BUNDLE_IDENTIFIER = "com.cocoanutmobile.steve.W2D5-Demos";
				PRODUCT_NAME = "$(TARGET_NAME)";
			};
			name = Debug;
		};
		AA79C9DE1E31292B00A5044D /* Release */ = {
			isa = XCBuildConfiguration;
			buildSettings = {
				ASSETCATALOG_COMPILER_APPICON_NAME = AppIcon;
				DEVELOPMENT_TEAM = 6D3DA9G4XW;
				INFOPLIST_FILE = "W2D5-Demos/Info.plist";
				LD_RUNPATH_SEARCH_PATHS = "$(inherited) @executable_path/Frameworks";
				PRODUCT_BUNDLE_IDENTIFIER = "com.cocoanutmobile.steve.W2D5-Demos";
				PRODUCT_NAME = "$(TARGET_NAME)";
			};
			name = Release;
		};
/* End XCBuildConfiguration section */

/* Begin XCConfigurationList section */
		AA79C9B51E31292A00A5044D /* Build configuration list for PBXProject "W2D5-Demos" */ = {
			isa = XCConfigurationList;
			buildConfigurations = (
				AA79C9DA1E31292B00A5044D /* Debug */,
				AA79C9DB1E31292B00A5044D /* Release */,
			);
			defaultConfigurationIsVisible = 0;
			defaultConfigurationName = Release;
		};
		AA79C9DC1E31292B00A5044D /* Build configuration list for PBXNativeTarget "W2D5-Demos" */ = {
			isa = XCConfigurationList;
			buildConfigurations = (
				AA79C9DD1E31292B00A5044D /* Debug */,
				AA79C9DE1E31292B00A5044D /* Release */,
			);
			defaultConfigurationIsVisible = 0;
			defaultConfigurationName = Release;
		};
/* End XCConfigurationList section */
	};
	rootObject = AA79C9B21E31292A00A5044D /* Project object */;
}
